
Microsoft Visual Studio Solution File, Format Version 12.00
# Visual Studio Version 17
VisualStudioVersion = 17.9.34728.123
MinimumVisualStudioVersion = 10.0.40219.1
Project("{FAE04EC0-301F-11D3-BF4B-00C04F79EFBC}") = "ConsoleApp31", "ConsoleApp31\ConsoleApp31.csproj", "{5D4960A6-80C7-4964-9FF7-BD25EB961A82}"
EndProject
Global
	GlobalSection(SolutionConfigurationPlatforms) = preSolution
		Debug|Any CPU = Debug|Any CPU
		Release|Any CPU = Release|Any CPU
	EndGlobalSection
	GlobalSection(ProjectConfigurationPlatforms) = postSolution
		{5D4960A6-80C7-4964-9FF7-BD25EB961A82}.Debug|Any CPU.ActiveCfg = Debug|Any CPU
		{5D4960A6-80C7-4964-9FF7-BD25EB961A82}.Debug|Any CPU.Build.0 = Debug|Any CPU
		{5D4960A6-80C7-4964-9FF7-BD25EB961A82}.Release|Any CPU.ActiveCfg = Release|Any CPU
		{5D4960A6-80C7-4964-9FF7-BD25EB961A82}.Release|Any CPU.Build.0 = Release|Any CPU
	EndGlobalSection
	GlobalSection(SolutionProperties) = preSolution
		HideSolutionNode = FALSE
	EndGlobalSection
	GlobalSection(ExtensibilityGlobals) = postSolution
		SolutionGuid = {EDDAD31A-106E-4F35-A51C-F8C7C4A6AA88}
	EndGlobalSection
EndGlobal
